
Microsoft Visual Studio Solution File, Format Version 12.00
Project("{FAE04EC0-301F-11D3-BF4B-00C04F79EFBC}") = "ProxySharp.Tcp", "ProxySharp.Tcp\ProxySharp.Tcp.csproj", "{0DE96A70-0474-479D-ADCF-DAF9DF6278BA}"
EndProject
Global
	GlobalSection(SolutionConfigurationPlatforms) = preSolution
		Debug|Any CPU = Debug|Any CPU
		Release|Any CPU = Release|Any CPU
	EndGlobalSection
	GlobalSection(ProjectConfigurationPlatforms) = postSolution
		{0DE96A70-0474-479D-ADCF-DAF9DF6278BA}.Debug|Any CPU.ActiveCfg = Debug|Any CPU
		{0DE96A70-0474-479D-ADCF-DAF9DF6278BA}.Debug|Any CPU.Build.0 = Debug|Any CPU
		{0DE96A70-0474-479D-ADCF-DAF9DF6278BA}.Release|Any CPU.ActiveCfg = Release|Any CPU
		{0DE96A70-0474-479D-ADCF-DAF9DF6278BA}.Release|Any CPU.Build.0 = Release|Any CPU
	EndGlobalSection
EndGlobal
